
Microsoft Visual Studio Solution File, Format Version 12.00
# Visual Studio Version 16
VisualStudioVersion = 16.0.30204.135
MinimumVisualStudioVersion = 10.0.40219.1
Project("{FAE04EC0-301F-11D3-BF4B-00C04F79EFBC}") = "loop", "loop\loop.csproj", "{906D5AE2-270D-457D-AD0D-9844139EBAC4}"
EndProject
Global
	GlobalSection(SolutionConfigurationPlatforms) = preSolution
		Debug|Any CPU = Debug|Any CPU
		Release|Any CPU = Release|Any CPU
	EndGlobalSection
	GlobalSection(ProjectConfigurationPlatforms) = postSolution
		{906D5AE2-270D-457D-AD0D-9844139EBAC4}.Debug|Any CPU.ActiveCfg = Debug|Any CPU
		{906D5AE2-270D-457D-AD0D-9844139EBAC4}.Debug|Any CPU.Build.0 = Debug|Any CPU
		{906D5AE2-270D-457D-AD0D-9844139EBAC4}.Release|Any CPU.ActiveCfg = Release|Any CPU
		{906D5AE2-270D-457D-AD0D-9844139EBAC4}.Release|Any CPU.Build.0 = Release|Any CPU
	EndGlobalSection
	GlobalSection(SolutionProperties) = preSolution
		HideSolutionNode = FALSE
	EndGlobalSection
	GlobalSection(ExtensibilityGlobals) = postSolution
		SolutionGuid = {86D4E2E6-552C-4FA4-BCB9-CED08A335B4B}
	EndGlobalSection
EndGlobal
